
Microsoft Visual Studio Solution File, Format Version 12.00
# Visual Studio Version 16
VisualStudioVersion = 16.0.31911.196
MinimumVisualStudioVersion = 10.0.40219.1
Project("{9A19103F-16F7-4668-BE54-9A1E7A4F7556}") = "InitiativeTracker", "InitiativeTracker\InitiativeTracker.csproj", "{E6CCDC2E-BEE6-4399-A9BD-67EE35288342}"
EndProject
Project("{C7167F0D-BC9F-4E6E-AFE1-012C56B48DB5}") = "InitiativeTracker_Pkg", "InitiativeTracker_Pkg\InitiativeTracker_Pkg.wapproj", "{FE61AE8C-12BA-4AC3-BD2B-16D5E3FE3E8B}"
EndProject
Global
	GlobalSection(SolutionConfigurationPlatforms) = preSolution
		Debug|Any CPU = Debug|Any CPU
		Debug|ARM = Debug|ARM
		Debug|ARM64 = Debug|ARM64
		Debug|x64 = Debug|x64
		Debug|x86 = Debug|x86
		Release|Any CPU = Release|Any CPU
		Release|ARM = Release|ARM
		Release|ARM64 = Release|ARM64
		Release|x64 = Release|x64
		Release|x86 = Release|x86
	EndGlobalSection
	GlobalSection(ProjectConfigurationPlatforms) = postSolution
		{E6CCDC2E-BEE6-4399-A9BD-67EE35288342}.Debug|Any CPU.ActiveCfg = Debug|Any CPU
		{E6CCDC2E-BEE6-4399-A9BD-67EE35288342}.Debug|Any CPU.Build.0 = Debug|Any CPU
		{E6CCDC2E-BEE6-4399-A9BD-67EE35288342}.Debug|ARM.ActiveCfg = Debug|Any CPU
		{E6CCDC2E-BEE6-4399-A9BD-67EE35288342}.Debug|ARM.Build.0 = Debug|Any CPU
		{E6CCDC2E-BEE6-4399-A9BD-67EE35288342}.Debug|ARM64.ActiveCfg = Debug|Any CPU
		{E6CCDC2E-BEE6-4399-A9BD-67EE35288342}.Debug|ARM64.Build.0 = Debug|Any CPU
		{E6CCDC2E-BEE6-4399-A9BD-67EE35288342}.Debug|x64.ActiveCfg = Debug|Any CPU
		{E6CCDC2E-BEE6-4399-A9BD-67EE35288342}.Debug|x64.Build.0 = Debug|Any CPU
		{E6CCDC2E-BEE6-4399-A9BD-67EE35288342}.Debug|x86.ActiveCfg = Debug|Any CPU
		{E6CCDC2E-BEE6-4399-A9BD-67EE35288342}.Debug|x86.Build.0 = Debug|Any CPU
		{E6CCDC2E-BEE6-4399-A9BD-67EE35288342}.Release|Any CPU.ActiveCfg = Release|Any CPU
		{E6CCDC2E-BEE6-4399-A9BD-67EE35288342}.Release|Any CPU.Build.0 = Release|Any CPU
		{E6CCDC2E-BEE6-4399-A9BD-67EE35288342}.Release|ARM.ActiveCfg = Release|Any CPU
		{E6CCDC2E-BEE6-4399-A9BD-67EE35288342}.Release|ARM.Build.0 = Release|Any CPU
		{E6CCDC2E-BEE6-4399-A9BD-67EE35288342}.Release|ARM64.ActiveCfg = Release|Any CPU
		{E6CCDC2E-BEE6-4399-A9BD-67EE35288342}.Release|ARM64.Build.0 = Release|Any CPU
		{E6CCDC2E-BEE6-4399-A9BD-67EE35288342}.Release|x64.ActiveCfg = Release|Any CPU
		{E6CCDC2E-BEE6-4399-A9BD-67EE35288342}.Release|x64.Build.0 = Release|Any CPU
		{E6CCDC2E-BEE6-4399-A9BD-67EE35288342}.Release|x86.ActiveCfg = Release|Any CPU
		{E6CCDC2E-BEE6-4399-A9BD-67EE35288342}.Release|x86.Build.0 = Release|Any CPU
		{FE61AE8C-12BA-4AC3-BD2B-16D5E3FE3E8B}.Debug|Any CPU.ActiveCfg = Debug|Any CPU
		{FE61AE8C-12BA-4AC3-BD2B-16D5E3FE3E8B}.Debug|Any CPU.Build.0 = Debug|Any CPU
		{FE61AE8C-12BA-4AC3-BD2B-16D5E3FE3E8B}.Debug|Any CPU.Deploy.0 = Debug|Any CPU
		{FE61AE8C-12BA-4AC3-BD2B-16D5E3FE3E8B}.Debug|ARM.ActiveCfg = Debug|ARM
		{FE61AE8C-12BA-4AC3-BD2B-16D5E3FE3E8B}.Debug|ARM.Build.0 = Debug|ARM
		{FE61AE8C-12BA-4AC3-BD2B-16D5E3FE3E8B}.Debug|ARM.Deploy.0 = Debug|ARM
		{FE61AE8C-12BA-4AC3-BD2B-16D5E3FE3E8B}.Debug|ARM64.ActiveCfg = Debug|ARM64
		{FE61AE8C-12BA-4AC3-BD2B-16D5E3FE3E8B}.Debug|ARM64.Build.0 = Debug|ARM64
		{FE61AE8C-12BA-4AC3-BD2B-16D5E3FE3E8B}.Debug|ARM64.Deploy.0 = Debug|ARM64
		{FE61AE8C-12BA-4AC3-BD2B-16D5E3FE3E8B}.Debug|x64.ActiveCfg = Debug|x64
		{FE61AE8C-12BA-4AC3-BD2B-16D5E3FE3E8B}.Debug|x64.Build.0 = Debug|x64
		{FE61AE8C-12BA-4AC3-BD2B-16D5E3FE3E8B}.Debug|x64.Deploy.0 = Debug|x64
		{FE61AE8C-12BA-4AC3-BD2B-16D5E3FE3E8B}.Debug|x86.ActiveCfg = Debug|x86
		{FE61AE8C-12BA-4AC3-BD2B-16D5E3FE3E8B}.Debug|x86.Build.0 = Debug|x86
		{FE61AE8C-12BA-4AC3-BD2B-16D5E3FE3E8B}.Debug|x86.Deploy.0 = Debug|x86
		{FE61AE8C-12BA-4AC3-BD2B-16D5E3FE3E8B}.Release|Any CPU.ActiveCfg = Release|Any CPU
		{FE61AE8C-12BA-4AC3-BD2B-16D5E3FE3E8B}.Release|Any CPU.Build.0 = Release|Any CPU
		{FE61AE8C-12BA-4AC3-BD2B-16D5E3FE3E8B}.Release|Any CPU.Deploy.0 = Release|Any CPU
		{FE61AE8C-12BA-4AC3-BD2B-16D5E3FE3E8B}.Release|ARM.ActiveCfg = Release|ARM
		{FE61AE8C-12BA-4AC3-BD2B-16D5E3FE3E8B}.Release|ARM.Build.0 = Release|ARM
		{FE61AE8C-12BA-4AC3-BD2B-16D5E3FE3E8B}.Release|ARM.Deploy.0 = Release|ARM
		{FE61AE8C-12BA-4AC3-BD2B-16D5E3FE3E8B}.Release|ARM64.ActiveCfg = Release|ARM64
		{FE61AE8C-12BA-4AC3-BD2B-16D5E3FE3E8B}.Release|ARM64.Build.0 = Release|ARM64
		{FE61AE8C-12BA-4AC3-BD2B-16D5E3FE3E8B}.Release|ARM64.Deploy.0 = Release|ARM64
		{FE61AE8C-12BA-4AC3-BD2B-16D5E3FE3E8B}.Release|x64.ActiveCfg = Release|x64
		{FE61AE8C-12BA-4AC3-BD2B-16D5E3FE3E8B}.Release|x64.Build.0 = Release|x64
		{FE61AE8C-12BA-4AC3-BD2B-16D5E3FE3E8B}.Release|x64.Deploy.0 = Release|x64
		{FE61AE8C-12BA-4AC3-BD2B-16D5E3FE3E8B}.Release|x86.ActiveCfg = Release|x86
		{FE61AE8C-12BA-4AC3-BD2B-16D5E3FE3E8B}.Release|x86.Build.0 = Release|x86
		{FE61AE8C-12BA-4AC3-BD2B-16D5E3FE3E8B}.Release|x86.Deploy.0 = Release|x86
	EndGlobalSection
	GlobalSection(SolutionProperties) = preSolution
		HideSolutionNode = FALSE
	EndGlobalSection
	GlobalSection(ExtensibilityGlobals) = postSolution
		SolutionGuid = {F5C0244C-1B34-4873-8BA8-7DC8D86B91D8}
	EndGlobalSection
EndGlobal
